// !$*UTF8*$!
{
	archiveVersion = 1;
	classes = {
	};
	objectVersion = 50;
	objects = {

/* Begin PBXBuildFile section */
		2B4E9E1B25BDBAE900491EB5 /* AppDelegate.swift in Sources */ = {isa = PBXBuildFile; fileRef = 2B4E9E1A25BDBAE900491EB5 /* AppDelegate.swift */; };
		2B4E9E1D25BDBAE900491EB5 /* SceneDelegate.swift in Sources */ = {isa = PBXBuildFile; fileRef = 2B4E9E1C25BDBAE900491EB5 /* SceneDelegate.swift */; };
		2B4E9E1F25BDBAE900491EB5 /* ViewController.swift in Sources */ = {isa = PBXBuildFile; fileRef = 2B4E9E1E25BDBAE900491EB5 /* ViewController.swift */; };
		2B4E9E2225BDBAE900491EB5 /* Main.storyboard in Resources */ = {isa = PBXBuildFile; fileRef = 2B4E9E2025BDBAE900491EB5 /* Main.storyboard */; };
		2B4E9E2425BDBAEA00491EB5 /* Assets.xcassets in Resources */ = {isa = PBXBuildFile; fileRef = 2B4E9E2325BDBAEA00491EB5 /* Assets.xcassets */; };
		2B4E9E2725BDBAEA00491EB5 /* LaunchScreen.storyboard in Resources */ = {isa = PBXBuildFile; fileRef = 2B4E9E2525BDBAEA00491EB5 /* LaunchScreen.storyboard */; };
		2B4E9E3225BDBAEA00491EB5 /* YashGupte_PreworkTests.swift in Sources */ = {isa = PBXBuildFile; fileRef = 2B4E9E3125BDBAEA00491EB5 /* YashGupte_PreworkTests.swift */; };
		2B4E9E3D25BDBAEA00491EB5 /* YashGupte_PreworkUITests.swift in Sources */ = {isa = PBXBuildFile; fileRef = 2B4E9E3C25BDBAEA00491EB5 /* YashGupte_PreworkUITests.swift */; };
/* End PBXBuildFile section */

/* Begin PBXContainerItemProxy section */
		2B4E9E2E25BDBAEA00491EB5 /* PBXContainerItemProxy */ = {
			isa = PBXContainerItemProxy;
			containerPortal = 2B4E9E0F25BDBAE900491EB5 /* Project object */;
			proxyType = 1;
			remoteGlobalIDString = 2B4E9E1625BDBAE900491EB5;
			remoteInfo = YashGupte_Prework;
		};
		2B4E9E3925BDBAEA00491EB5 /* PBXContainerItemProxy */ = {
			isa = PBXContainerItemProxy;
			containerPortal = 2B4E9E0F25BDBAE900491EB5 /* Project object */;
			proxyType = 1;
			remoteGlobalIDString = 2B4E9E1625BDBAE900491EB5;
			remoteInfo = YashGupte_Prework;
		};
/* End PBXContainerItemProxy section */

/* Begin PBXFileReference section */
		2B4E9E1725BDBAE900491EB5 /* YashGupte_Prework.app */ = {isa = PBXFileReference; explicitFileType = wrapper.application; includeInIndex = 0; path = YashGupte_Prework.app; sourceTree = BUILT_PRODUCTS_DIR; };
		2B4E9E1A25BDBAE900491EB5 /* AppDelegate.swift */ = {isa = PBXFileReference; lastKnownFileType = sourcecode.swift; path = AppDelegate.swift; sourceTree = "<group>"; };
		2B4E9E1C25BDBAE900491EB5 /* SceneDelegate.swift */ = {isa = PBXFileReference; lastKnownFileType = sourcecode.swift; path = SceneDelegate.swift; sourceTree = "<group>"; };
		2B4E9E1E25BDBAE900491EB5 /* ViewController.swift */ = {isa = PBXFileReference; lastKnownFileType = sourcecode.swift; path = ViewController.swift; sourceTree = "<group>"; };
		2B4E9E2125BDBAE900491EB5 /* Base */ = {isa = PBXFileReference; lastKnownFileType = file.storyboard; name = Base; path = Base.lproj/Main.storyboard; sourceTree = "<group>"; };
		2B4E9E2325BDBAEA00491EB5 /* Assets.xcassets */ = {isa = PBXFileReference; lastKnownFileType = folder.assetcatalog; path = Assets.xcassets; sourceTree = "<group>"; };
		2B4E9E2625BDBAEA00491EB5 /* Base */ = {isa = PBXFileReference; lastKnownFileType = file.storyboard; name = Base; path = Base.lproj/LaunchScreen.storyboard; sourceTree = "<group>"; };
		2B4E9E2825BDBAEA00491EB5 /* Info.plist */ = {isa = PBXFileReference; lastKnownFileType = text.plist.xml; path = Info.plist; sourceTree = "<group>"; };
		2B4E9E2D25BDBAEA00491EB5 /* YashGupte_PreworkTests.xctest */ = {isa = PBXFileReference; explicitFileType = wrapper.cfbundle; includeInIndex = 0; path = YashGupte_PreworkTests.xctest; sourceTree = BUILT_PRODUCTS_DIR; };
		2B4E9E3125BDBAEA00491EB5 /* YashGupte_PreworkTests.swift */ = {isa = PBXFileReference; lastKnownFileType = sourcecode.swift; path = YashGupte_PreworkTests.swift; sourceTree = "<group>"; };
		2B4E9E3325BDBAEA00491EB5 /* Info.plist */ = {isa = PBXFileReference; lastKnownFileType = text.plist.xml; path = Info.plist; sourceTree = "<group>"; };
		2B4E9E3825BDBAEA00491EB5 /* YashGupte_PreworkUITests.xctest */ = {isa = PBXFileReference; explicitFileType = wrapper.cfbundle; includeInIndex = 0; path = YashGupte_PreworkUITests.xctest; sourceTree = BUILT_PRODUCTS_DIR; };
		2B4E9E3C25BDBAEA00491EB5 /* YashGupte_PreworkUITests.swift */ = {isa = PBXFileReference; lastKnownFileType = sourcecode.swift; path = YashGupte_PreworkUITests.swift; sourceTree = "<group>"; };
		2B4E9E3E25BDBAEA00491EB5 /* Info.plist */ = {isa = PBXFileReference; lastKnownFileType = text.plist.xml; path = Info.plist; sourceTree = "<group>"; };
/* End PBXFileReference section */

/* Begin PBXFrameworksBuildPhase section */
		2B4E9E1425BDBAE900491EB5 /* Frameworks */ = {
			isa = PBXFrameworksBuildPhase;
			buildActionMask = 2147483647;
			files = (
			);
			runOnlyForDeploymentPostprocessing = 0;
		};
		2B4E9E2A25BDBAEA00491EB5 /* Frameworks */ = {
			isa = PBXFrameworksBuildPhase;
			buildActionMask = 2147483647;
			files = (
			);
			runOnlyForDeploymentPostprocessing = 0;
		};
		2B4E9E3525BDBAEA00491EB5 /* Frameworks */ = {
			isa = PBXFrameworksBuildPhase;
			buildActionMask = 2147483647;
			files = (
			);
			runOnlyForDeploymentPostprocessing = 0;
		};
/* End PBXFrameworksBuildPhase section */

/* Begin PBXGroup section */
		2B4E9E0E25BDBAE900491EB5 = {
			isa = PBXGroup;
			children = (
				2B4E9E1925BDBAE900491EB5 /* YashGupte_Prework */,
				2B4E9E3025BDBAEA00491EB5 /* YashGupte_PreworkTests */,
				2B4E9E3B25BDBAEA00491EB5 /* YashGupte_PreworkUITests */,
				2B4E9E1825BDBAE900491EB5 /* Products */,
			);
			sourceTree = "<group>";
		};
		2B4E9E1825BDBAE900491EB5 /* Products */ = {
			isa = PBXGroup;
			children = (
				2B4E9E1725BDBAE900491EB5 /* YashGupte_Prework.app */,
				2B4E9E2D25BDBAEA00491EB5 /* YashGupte_PreworkTests.xctest */,
				2B4E9E3825BDBAEA00491EB5 /* YashGupte_PreworkUITests.xctest */,
			);
			name = Products;
			sourceTree = "<group>";
		};
		2B4E9E1925BDBAE900491EB5 /* YashGupte_Prework */ = {
			isa = PBXGroup;
			children = (
				2B4E9E1A25BDBAE900491EB5 /* AppDelegate.swift */,
				2B4E9E1C25BDBAE900491EB5 /* SceneDelegate.swift */,
				2B4E9E1E25BDBAE900491EB5 /* ViewController.swift */,
				2B4E9E2025BDBAE900491EB5 /* Main.storyboard */,
				2B4E9E2325BDBAEA00491EB5 /* Assets.xcassets */,
				2B4E9E2525BDBAEA00491EB5 /* LaunchScreen.storyboard */,
				2B4E9E2825BDBAEA00491EB5 /* Info.plist */,
			);
			path = YashGupte_Prework;
			sourceTree = "<group>";
		};
		2B4E9E3025BDBAEA00491EB5 /* YashGupte_PreworkTests */ = {
			isa = PBXGroup;
			children = (
				2B4E9E3125BDBAEA00491EB5 /* YashGupte_PreworkTests.swift */,
				2B4E9E3325BDBAEA00491EB5 /* Info.plist */,
			);
			path = YashGupte_PreworkTests;
			sourceTree = "<group>";
		};
		2B4E9E3B25BDBAEA00491EB5 /* YashGupte_PreworkUITests */ = {
			isa = PBXGroup;
			children = (
				2B4E9E3C25BDBAEA00491EB5 /* YashGupte_PreworkUITests.swift */,
				2B4E9E3E25BDBAEA00491EB5 /* Info.plist */,
			);
			path = YashGupte_PreworkUITests;
			sourceTree = "<group>";
		};
/* End PBXGroup section */

/* Begin PBXNativeTarget section */
		2B4E9E1625BDBAE900491EB5 /* YashGupte_Prework */ = {
			isa = PBXNativeTarget;
			buildConfigurationList = 2B4E9E4125BDBAEA00491EB5 /* Build configuration list for PBXNativeTarget "YashGupte_Prework" */;
			buildPhases = (
				2B4E9E1325BDBAE900491EB5 /* Sources */,
				2B4E9E1425BDBAE900491EB5 /* Frameworks */,
				2B4E9E1525BDBAE900491EB5 /* Resources */,
			);
			buildRules = (
			);
			dependencies = (
			);
			name = YashGupte_Prework;
			productName = YashGupte_Prework;
			productReference = 2B4E9E1725BDBAE900491EB5 /* YashGupte_Prework.app */;
			productType = "com.apple.product-type.application";
		};
		2B4E9E2C25BDBAEA00491EB5 /* YashGupte_PreworkTests */ = {
			isa = PBXNativeTarget;
			buildConfigurationList = 2B4E9E4425BDBAEA00491EB5 /* Build configuration list for PBXNativeTarget "YashGupte_PreworkTests" */;
			buildPhases = (
				2B4E9E2925BDBAEA00491EB5 /* Sources */,
				2B4E9E2A25BDBAEA00491EB5 /* Frameworks */,
				2B4E9E2B25BDBAEA00491EB5 /* Resources */,
			);
			buildRules = (
			);
			dependencies = (
				2B4E9E2F25BDBAEA00491EB5 /* PBXTargetDependency */,
			);
			name = YashGupte_PreworkTests;
			productName = YashGupte_PreworkTests;
			productReference = 2B4E9E2D25BDBAEA00491EB5 /* YashGupte_PreworkTests.xctest */;
			productType = "com.apple.product-type.bundle.unit-test";
		};
		2B4E9E3725BDBAEA00491EB5 /* YashGupte_PreworkUITests */ = {
			isa = PBXNativeTarget;
			buildConfigurationList = 2B4E9E4725BDBAEA00491EB5 /* Build configuration list for PBXNativeTarget "YashGupte_PreworkUITests" */;
			buildPhases = (
				2B4E9E3425BDBAEA00491EB5 /* Sources */,
				2B4E9E3525BDBAEA00491EB5 /* Frameworks */,
				2B4E9E3625BDBAEA00491EB5 /* Resources */,
			);
			buildRules = (
			);
			dependencies = (
				2B4E9E3A25BDBAEA00491EB5 /* PBXTargetDependency */,
			);
			name = YashGupte_PreworkUITests;
			productName = YashGupte_PreworkUITests;
			productReference = 2B4E9E3825BDBAEA00491EB5 /* YashGupte_PreworkUITests.xctest */;
			productType = "com.apple.product-type.bundle.ui-testing";
		};
/* End PBXNativeTarget section */

/* Begin PBXProject section */
		2B4E9E0F25BDBAE900491EB5 /* Project object */ = {
			isa = PBXProject;
			attributes = {
				LastSwiftUpdateCheck = 1230;
				LastUpgradeCheck = 1230;
				TargetAttributes = {
					2B4E9E1625BDBAE900491EB5 = {
						CreatedOnToolsVersion = 12.3;
					};
					2B4E9E2C25BDBAEA00491EB5 = {
						CreatedOnToolsVersion = 12.3;
						TestTargetID = 2B4E9E1625BDBAE900491EB5;
					};
					2B4E9E3725BDBAEA00491EB5 = {
						CreatedOnToolsVersion = 12.3;
						TestTargetID = 2B4E9E1625BDBAE900491EB5;
					};
				};
			};
			buildConfigurationList = 2B4E9E1225BDBAE900491EB5 /* Build configuration list for PBXProject "YashGupte_Prework" */;
			compatibilityVersion = "Xcode 9.3";
			developmentRegion = en;
			hasScannedForEncodings = 0;
			knownRegions = (
				en,
				Base,
			);
			mainGroup = 2B4E9E0E25BDBAE900491EB5;
			productRefGroup = 2B4E9E1825BDBAE900491EB5 /* Products */;
			projectDirPath = "";
			projectRoot = "";
			targets = (
				2B4E9E1625BDBAE900491EB5 /* YashGupte_Prework */,
				2B4E9E2C25BDBAEA00491EB5 /* YashGupte_PreworkTests */,
				2B4E9E3725BDBAEA00491EB5 /* YashGupte_PreworkUITests */,
			);
		};
/* End PBXProject section */

/* Begin PBXResourcesBuildPhase section */
		2B4E9E1525BDBAE900491EB5 /* Resources */ = {
			isa = PBXResourcesBuildPhase;
			buildActionMask = 2147483647;
			files = (
				2B4E9E2725BDBAEA00491EB5 /* LaunchScreen.storyboard in Resources */,
				2B4E9E2425BDBAEA00491EB5 /* Assets.xcassets in Resources */,
				2B4E9E2225BDBAE900491EB5 /* Main.storyboard in Resources */,
			);
			runOnlyForDeploymentPostprocessing = 0;
		};
		2B4E9E2B25BDBAEA00491EB5 /* Resources */ = {
			isa = PBXResourcesBuildPhase;
			buildActionMask = 2147483647;
			files = (
			);
			runOnlyForDeploymentPostprocessing = 0;
		};
		2B4E9E3625BDBAEA00491EB5 /* Resources */ = {
			isa = PBXResourcesBuildPhase;
			buildActionMask = 2147483647;
			files = (
			);
			runOnlyForDeploymentPostprocessing = 0;
		};
/* End PBXResourcesBuildPhase section */

/* Begin PBXSourcesBuildPhase section */
		2B4E9E1325BDBAE900491EB5 /* Sources */ = {
			isa = PBXSourcesBuildPhase;
			buildActionMask = 2147483647;
			files = (
				2B4E9E1F25BDBAE900491EB5 /* ViewController.swift in Sources */,
				2B4E9E1B25BDBAE900491EB5 /* AppDelegate.swift in Sources */,
				2B4E9E1D25BDBAE900491EB5 /* SceneDelegate.swift in Sources */,
			);
			runOnlyForDeploymentPostprocessing = 0;
		};
		2B4E9E2925BDBAEA00491EB5 /* Sources */ = {
			isa = PBXSourcesBuildPhase;
			buildActionMask = 2147483647;
			files = (
				2B4E9E3225BDBAEA00491EB5 /* YashGupte_PreworkTests.swift in Sources */,
			);
			runOnlyForDeploymentPostprocessing = 0;
		};
		2B4E9E3425BDBAEA00491EB5 /* Sources */ = {
			isa = PBXSourcesBuildPhase;
			buildActionMask = 2147483647;
			files = (
				2B4E9E3D25BDBAEA00491EB5 /* YashGupte_PreworkUITests.swift in Sources */,
			);
			runOnlyForDeploymentPostprocessing = 0;
		};
/* End PBXSourcesBuildPhase section */

/* Begin PBXTargetDependency section */
		2B4E9E2F25BDBAEA00491EB5 /* PBXTargetDependency */ = {
			isa = PBXTargetDependency;
			target = 2B4E9E1625BDBAE900491EB5 /* YashGupte_Prework */;
			targetProxy = 2B4E9E2E25BDBAEA00491EB5 /* PBXContainerItemProxy */;
		};
		2B4E9E3A25BDBAEA00491EB5 /* PBXTargetDependency */ = {
			isa = PBXTargetDependency;
			target = 2B4E9E1625BDBAE900491EB5 /* YashGupte_Prework */;
			targetProxy = 2B4E9E3925BDBAEA00491EB5 /* PBXContainerItemProxy */;
		};
/* End PBXTargetDependency section */

/* Begin PBXVariantGroup section */
		2B4E9E2025BDBAE900491EB5 /* Main.storyboard */ = {
			isa = PBXVariantGroup;
			children = (
				2B4E9E2125BDBAE900491EB5 /* Base */,
			);
			name = Main.storyboard;
			sourceTree = "<group>";
		};
		2B4E9E2525BDBAEA00491EB5 /* LaunchScreen.storyboard */ = {
			isa = PBXVariantGroup;
			children = (
				2B4E9E2625BDBAEA00491EB5 /* Base */,
			);
			name = LaunchScreen.storyboard;
			sourceTree = "<group>";
		};
/* End PBXVariantGroup section */

/* Begin XCBuildConfiguration section */
		2B4E9E3F25BDBAEA00491EB5 /* Debug */ = {
			isa = XCBuildConfiguration;
			buildSettings = {
				ALWAYS_SEARCH_USER_PATHS = NO;
				CLANG_ANALYZER_NONNULL = YES;
				CLANG_ANALYZER_NUMBER_OBJECT_CONVERSION = YES_AGGRESSIVE;
				CLANG_CXX_LANGUAGE_STANDARD = "gnu++14";
				CLANG_CXX_LIBRARY = "libc++";
				CLANG_ENABLE_MODULES = YES;
				CLANG_ENABLE_OBJC_ARC = YES;
				CLANG_ENABLE_OBJC_WEAK = YES;
				CLANG_WARN_BLOCK_CAPTURE_AUTORELEASING = YES;
				CLANG_WARN_BOOL_CONVERSION = YES;
				CLANG_WARN_COMMA = YES;
				CLANG_WARN_CONSTANT_CONVERSION = YES;
				CLANG_WARN_DEPRECATED_OBJC_IMPLEMENTATIONS = YES;
				CLANG_WARN_DIRECT_OBJC_ISA_USAGE = YES_ERROR;
				CLANG_WARN_DOCUMENTATION_COMMENTS = YES;
				CLANG_WARN_EMPTY_BODY = YES;
				CLANG_WARN_ENUM_CONVERSION = YES;
				CLANG_WARN_INFINITE_RECURSION = YES;
				CLANG_WARN_INT_CONVERSION = YES;
				CLANG_WARN_NON_LITERAL_NULL_CONVERSION = YES;
				CLANG_WARN_OBJC_IMPLICIT_RETAIN_SELF = YES;
				CLANG_WARN_OBJC_LITERAL_CONVERSION = YES;
				CLANG_WARN_OBJC_ROOT_CLASS = YES_ERROR;
				CLANG_WARN_QUOTED_INCLUDE_IN_FRAMEWORK_HEADER = YES;
				CLANG_WARN_RANGE_LOOP_ANALYSIS = YES;
				CLANG_WARN_STRICT_PROTOTYPES = YES;
				CLANG_WARN_SUSPICIOUS_MOVE = YES;
				CLANG_WARN_UNGUARDED_AVAILABILITY = YES_AGGRESSIVE;
				CLANG_WARN_UNREACHABLE_CODE = YES;
				CLANG_WARN__DUPLICATE_METHOD_MATCH = YES;
				COPY_PHASE_STRIP = NO;
				DEBUG_INFORMATION_FORMAT = dwarf;
				ENABLE_STRICT_OBJC_MSGSEND = YES;
				ENABLE_TESTABILITY = YES;
				GCC_C_LANGUAGE_STANDARD = gnu11;
				GCC_DYNAMIC_NO_PIC = NO;
				GCC_NO_COMMON_BLOCKS = YES;
				GCC_OPTIMIZATION_LEVEL = 0;
				GCC_PREPROCESSOR_DEFINITIONS = (
					"DEBUG=1",
					"$(inherited)",
				);
				GCC_WARN_64_TO_32_BIT_CONVERSION = YES;
				GCC_WARN_ABOUT_RETURN_TYPE = YES_ERROR;
				GCC_WARN_UNDECLARED_SELECTOR = YES;
				GCC_WARN_UNINITIALIZED_AUTOS = YES_AGGRESSIVE;
				GCC_WARN_UNUSED_FUNCTION = YES;
				GCC_WARN_UNUSED_VARIABLE = YES;
				IPHONEOS_DEPLOYMENT_TARGET = 14.3;
				MTL_ENABLE_DEBUG_INFO = INCLUDE_SOURCE;
				MTL_FAST_MATH = YES;
				ONLY_ACTIVE_ARCH = YES;
				SDKROOT = iphoneos;
				SWIFT_ACTIVE_COMPILATION_CONDITIONS = DEBUG;
				SWIFT_OPTIMIZATION_LEVEL = "-Onone";
			};
			name = Debug;
		};
		2B4E9E4025BDBAEA00491EB5 /* Release */ = {
			isa = XCBuildConfiguration;
			buildSettings = {
				ALWAYS_SEARCH_USER_PATHS = NO;
				CLANG_ANALYZER_NONNULL = YES;
				CLANG_ANALYZER_NUMBER_OBJECT_CONVERSION = YES_AGGRESSIVE;
				CLANG_CXX_LANGUAGE_STANDARD = "gnu++14";
				CLANG_CXX_LIBRARY = "libc++";
				CLANG_ENABLE_MODULES = YES;
				CLANG_ENABLE_OBJC_ARC = YES;
				CLANG_ENABLE_OBJC_WEAK = YES;
				CLANG_WARN_BLOCK_CAPTURE_AUTORELEASING = YES;
				CLANG_WARN_BOOL_CONVERSION = YES;
				CLANG_WARN_COMMA = YES;
				CLANG_WARN_CONSTANT_CONVERSION = YES;
				CLANG_WARN_DEPRECATED_OBJC_IMPLEMENTATIONS = YES;
				CLANG_WARN_DIRECT_OBJC_ISA_USAGE = YES_ERROR;
				CLANG_WARN_DOCUMENTATION_COMMENTS = YES;
				CLANG_WARN_EMPTY_BODY = YES;
				CLANG_WARN_ENUM_CONVERSION = YES;
				CLANG_WARN_INFINITE_RECURSION = YES;
				CLANG_WARN_INT_CONVERSION = YES;
				CLANG_WARN_NON_LITERAL_NULL_CONVERSION = YES;
				CLANG_WARN_OBJC_IMPLICIT_RETAIN_SELF = YES;
				CLANG_WARN_OBJC_LITERAL_CONVERSION = YES;
				CLANG_WARN_OBJC_ROOT_CLASS = YES_ERROR;
				CLANG_WARN_QUOTED_INCLUDE_IN_FRAMEWORK_HEADER = YES;
				CLANG_WARN_RANGE_LOOP_ANALYSIS = YES;
				CLANG_WARN_STRICT_PROTOTYPES = YES;
				CLANG_WARN_SUSPICIOUS_MOVE = YES;
				CLANG_WARN_UNGUARDED_AVAILABILITY = YES_AGGRESSIVE;
				CLANG_WARN_UNREACHABLE_CODE = YES;
				CLANG_WARN__DUPLICATE_METHOD_MATCH = YES;
				COPY_PHASE_STRIP = NO;
				DEBUG_INFORMATION_FORMAT = "dwarf-with-dsym";
				ENABLE_NS_ASSERTIONS = NO;
				ENABLE_STRICT_OBJC_MSGSEND = YES;
				GCC_C_LANGUAGE_STANDARD = gnu11;
				GCC_NO_COMMON_BLOCKS = YES;
				GCC_WARN_64_TO_32_BIT_CONVERSION = YES;
				GCC_WARN_ABOUT_RETURN_TYPE = YES_ERROR;
				GCC_WARN_UNDECLARED_SELECTOR = YES;
				GCC_WARN_UNINITIALIZED_AUTOS = YES_AGGRESSIVE;
				GCC_WARN_UNUSED_FUNCTION = YES;
				GCC_WARN_UNUSED_VARIABLE = YES;
				IPHONEOS_DEPLOYMENT_TARGET = 14.3;
				MTL_ENABLE_DEBUG_INFO = NO;
				MTL_FAST_MATH = YES;
				SDKROOT = iphoneos;
				SWIFT_COMPILATION_MODE = wholemodule;
				SWIFT_OPTIMIZATION_LEVEL = "-O";
				VALIDATE_PRODUCT = YES;
			};
			name = Release;
		};
		2B4E9E4225BDBAEA00491EB5 /* Debug */ = {
			isa = XCBuildConfiguration;
			buildSettings = {
				ASSETCATALOG_COMPILER_APPICON_NAME = AppIcon;
				ASSETCATALOG_COMPILER_GLOBAL_ACCENT_COLOR_NAME = AccentColor;
				CODE_SIGN_STYLE = Automatic;
				INFOPLIST_FILE = YashGupte_Prework/Info.plist;
				LD_RUNPATH_SEARCH_PATHS = (
					"$(inherited)",
					"@executable_path/Frameworks",
				);
				PRODUCT_BUNDLE_IDENTIFIER = "memo.com.YashGupte-Prework";
				PRODUCT_NAME = "$(TARGET_NAME)";
				SWIFT_VERSION = 5.0;
				TARGETED_DEVICE_FAMILY = "1,2";
			};
			name = Debug;
		};
		2B4E9E4325BDBAEA00491EB5 /* Release */ = {
			isa = XCBuildConfiguration;
			buildSettings = {
				ASSETCATALOG_COMPILER_APPICON_NAME = AppIcon;
				ASSETCATALOG_COMPILER_GLOBAL_ACCENT_COLOR_NAME = AccentColor;
				CODE_SIGN_STYLE = Automatic;
				INFOPLIST_FILE = YashGupte_Prework/Info.plist;
				LD_RUNPATH_SEARCH_PATHS = (
					"$(inherited)",
					"@executable_path/Frameworks",
				);
				PRODUCT_BUNDLE_IDENTIFIER = "memo.com.YashGupte-Prework";
				PRODUCT_NAME = "$(TARGET_NAME)";
				SWIFT_VERSION = 5.0;
				TARGETED_DEVICE_FAMILY = "1,2";
			};
			name = Release;
		};
		2B4E9E4525BDBAEA00491EB5 /* Debug */ = {
			isa = XCBuildConfiguration;
			buildSettings = {
				ALWAYS_EMBED_SWIFT_STANDARD_LIBRARIES = YES;
				BUNDLE_LOADER = "$(TEST_HOST)";
				CODE_SIGN_STYLE = Automatic;
				INFOPLIST_FILE = YashGupte_PreworkTests/Info.plist;
				IPHONEOS_DEPLOYMENT_TARGET = 14.3;
				LD_RUNPATH_SEARCH_PATHS = (
					"$(inherited)",
					"@executable_path/Frameworks",
					"@loader_path/Frameworks",
				);
				PRODUCT_BUNDLE_IDENTIFIER = "memo.com.YashGupte-PreworkTests";
				PRODUCT_NAME = "$(TARGET_NAME)";
				SWIFT_VERSION = 5.0;
				TARGETED_DEVICE_FAMILY = "1,2";
				TEST_HOST = "$(BUILT_PRODUCTS_DIR)/YashGupte_Prework.app/YashGupte_Prework";
			};
			name = Debug;
		};
		2B4E9E4625BDBAEA00491EB5 /* Release */ = {
			isa = XCBuildConfiguration;
			buildSettings = {
				ALWAYS_EMBED_SWIFT_STANDARD_LIBRARIES = YES;
				BUNDLE_LOADER = "$(TEST_HOST)";
				CODE_SIGN_STYLE = Automatic;
				INFOPLIST_FILE = YashGupte_PreworkTests/Info.plist;
				IPHONEOS_DEPLOYMENT_TARGET = 14.3;
				LD_RUNPATH_SEARCH_PATHS = (
					"$(inherited)",
					"@executable_path/Frameworks",
					"@loader_path/Frameworks",
				);
				PRODUCT_BUNDLE_IDENTIFIER = "memo.com.YashGupte-PreworkTests";
				PRODUCT_NAME = "$(TARGET_NAME)";
				SWIFT_VERSION = 5.0;
				TARGETED_DEVICE_FAMILY = "1,2";
				TEST_HOST = "$(BUILT_PRODUCTS_DIR)/YashGupte_Prework.app/YashGupte_Prework";
			};
			name = Release;
		};
		2B4E9E4825BDBAEA00491EB5 /* Debug */ = {
			isa = XCBuildConfiguration;
			buildSettings = {
				ALWAYS_EMBED_SWIFT_STANDARD_LIBRARIES = YES;
				CODE_SIGN_STYLE = Automatic;
				INFOPLIST_FILE = YashGupte_PreworkUITests/Info.plist;
				LD_RUNPATH_SEARCH_PATHS = (
					"$(inherited)",
					"@executable_path/Frameworks",
					"@loader_path/Frameworks",
				);
				PRODUCT_BUNDLE_IDENTIFIER = "memo.com.YashGupte-PreworkUITests";
				PRODUCT_NAME = "$(TARGET_NAME)";
				SWIFT_VERSION = 5.0;
				TARGETED_DEVICE_FAMILY = "1,2";
				TEST_TARGET_NAME = YashGupte_Prework;
			};
			name = Debug;
		};
		2B4E9E4925BDBAEA00491EB5 /* Release */ = {
			isa = XCBuildConfiguration;
			buildSettings = {
				ALWAYS_EMBED_SWIFT_STANDARD_LIBRARIES = YES;
				CODE_SIGN_STYLE = Automatic;
				INFOPLIST_FILE = YashGupte_PreworkUITests/Info.plist;
				LD_RUNPATH_SEARCH_PATHS = (
					"$(inherited)",
					"@executable_path/Frameworks",
					"@loader_path/Frameworks",
				);
				PRODUCT_BUNDLE_IDENTIFIER = "memo.com.YashGupte-PreworkUITests";
				PRODUCT_NAME = "$(TARGET_NAME)";
				SWIFT_VERSION = 5.0;
				TARGETED_DEVICE_FAMILY = "1,2";
				TEST_TARGET_NAME = YashGupte_Prework;
			};
			name = Release;
		};
/* End XCBuildConfiguration section */

/* Begin XCConfigurationList section */
		2B4E9E1225BDBAE900491EB5 /* Build configuration list for PBXProject "YashGupte_Prework" */ = {
			isa = XCConfigurationList;
			buildConfigurations = (
				2B4E9E3F25BDBAEA00491EB5 /* Debug */,
				2B4E9E4025BDBAEA00491EB5 /* Release */,
			);
			defaultConfigurationIsVisible = 0;
			defaultConfigurationName = Release;
		};
		2B4E9E4125BDBAEA00491EB5 /* Build configuration list for PBXNativeTarget "YashGupte_Prework" */ = {
			isa = XCConfigurationList;
			buildConfigurations = (
				2B4E9E4225BDBAEA00491EB5 /* Debug */,
				2B4E9E4325BDBAEA00491EB5 /* Release */,
			);
			defaultConfigurationIsVisible = 0;
			defaultConfigurationName = Release;
		};
		2B4E9E4425BDBAEA00491EB5 /* Build configuration list for PBXNativeTarget "YashGupte_PreworkTests" */ = {
			isa = XCConfigurationList;
			buildConfigurations = (
				2B4E9E4525BDBAEA00491EB5 /* Debug */,
				2B4E9E4625BDBAEA00491EB5 /* Release */,
			);
			defaultConfigurationIsVisible = 0;
			defaultConfigurationName = Release;
		};
		2B4E9E4725BDBAEA00491EB5 /* Build configuration list for PBXNativeTarget "YashGupte_PreworkUITests" */ = {
			isa = XCConfigurationList;
			buildConfigurations = (
				2B4E9E4825BDBAEA00491EB5 /* Debug */,
				2B4E9E4925BDBAEA00491EB5 /* Release */,
			);
			defaultConfigurationIsVisible = 0;
			defaultConfigurationName = Release;
		};
/* End XCConfigurationList section */
	};
	rootObject = 2B4E9E0F25BDBAE900491EB5 /* Project object */;
}
